
Microsoft Visual Studio Solution File, Format Version 11.00
# Visual Studio 2010
Project("{FAE04EC0-301F-11D3-BF4B-00C04F79EFBC}") = "Wayout", "Assembly-CSharp-firstpass.csproj", "{D16F8DE5-8F47-61C7-2DE5-1634210B0115}"
EndProject
Project("{FAE04EC0-301F-11D3-BF4B-00C04F79EFBC}") = "Wayout", "Assembly-CSharp.csproj", "{8348D386-33FE-E044-8094-D8D1A84FFF52}"
EndProject
Project("{FAE04EC0-301F-11D3-BF4B-00C04F79EFBC}") = "Wayout", "Assembly-CSharp-Editor-firstpass.csproj", "{F9599021-0FA8-1451-5F57-BB5DC014BBCE}"
EndProject
Global
	GlobalSection(SolutionConfigurationPlatforms) = preSolution
		Debug|Any CPU = Debug|Any CPU
		Release|Any CPU = Release|Any CPU
	EndGlobalSection
	GlobalSection(ProjectConfigurationPlatforms) = postSolution
		{D16F8DE5-8F47-61C7-2DE5-1634210B0115}.Debug|Any CPU.ActiveCfg = Debug|Any CPU
		{D16F8DE5-8F47-61C7-2DE5-1634210B0115}.Debug|Any CPU.Build.0 = Debug|Any CPU
		{D16F8DE5-8F47-61C7-2DE5-1634210B0115}.Release|Any CPU.ActiveCfg = Release|Any CPU
		{D16F8DE5-8F47-61C7-2DE5-1634210B0115}.Release|Any CPU.Build.0 = Release|Any CPU
		{8348D386-33FE-E044-8094-D8D1A84FFF52}.Debug|Any CPU.ActiveCfg = Debug|Any CPU
		{8348D386-33FE-E044-8094-D8D1A84FFF52}.Debug|Any CPU.Build.0 = Debug|Any CPU
		{8348D386-33FE-E044-8094-D8D1A84FFF52}.Release|Any CPU.ActiveCfg = Release|Any CPU
		{8348D386-33FE-E044-8094-D8D1A84FFF52}.Release|Any CPU.Build.0 = Release|Any CPU
		{F9599021-0FA8-1451-5F57-BB5DC014BBCE}.Debug|Any CPU.ActiveCfg = Debug|Any CPU
		{F9599021-0FA8-1451-5F57-BB5DC014BBCE}.Debug|Any CPU.Build.0 = Debug|Any CPU
		{F9599021-0FA8-1451-5F57-BB5DC014BBCE}.Release|Any CPU.ActiveCfg = Release|Any CPU
		{F9599021-0FA8-1451-5F57-BB5DC014BBCE}.Release|Any CPU.Build.0 = Release|Any CPU
	EndGlobalSection
	GlobalSection(SolutionProperties) = preSolution
		HideSolutionNode = FALSE
	EndGlobalSection
	GlobalSection(MonoDevelopProperties) = preSolution
		StartupItem = Assembly-CSharp.csproj
	EndGlobalSection
EndGlobal
